// !$*UTF8*$!
{
	archiveVersion = 1;
	classes = {
	};
	objectVersion = 50;
	objects = {

/* Begin PBXBuildFile section */
		C30EE3F621F6345100819FE2 /* AppDelegate.swift in Sources */ = {isa = PBXBuildFile; fileRef = C30EE3F521F6345100819FE2 /* AppDelegate.swift */; };
		C30EE3F821F6345100819FE2 /* ViewController.swift in Sources */ = {isa = PBXBuildFile; fileRef = C30EE3F721F6345100819FE2 /* ViewController.swift */; };
		C30EE3FB21F6345100819FE2 /* Main.storyboard in Resources */ = {isa = PBXBuildFile; fileRef = C30EE3F921F6345100819FE2 /* Main.storyboard */; };
		C30EE3FD21F6345500819FE2 /* Assets.xcassets in Resources */ = {isa = PBXBuildFile; fileRef = C30EE3FC21F6345500819FE2 /* Assets.xcassets */; };
		C30EE40021F6345500819FE2 /* LaunchScreen.storyboard in Resources */ = {isa = PBXBuildFile; fileRef = C30EE3FE21F6345500819FE2 /* LaunchScreen.storyboard */; };
		C30EE40821F64C7C00819FE2 /* CurrentWeather.swift in Sources */ = {isa = PBXBuildFile; fileRef = C30EE40721F64C7C00819FE2 /* CurrentWeather.swift */; };
		C30EE40A21F64D5400819FE2 /* WeatherIconManager.swift in Sources */ = {isa = PBXBuildFile; fileRef = C30EE40921F64D5400819FE2 /* WeatherIconManager.swift */; };
/* End PBXBuildFile section */

/* Begin PBXFileReference section */
		C30EE3F221F6345100819FE2 /* WeatherAppAPI.app */ = {isa = PBXFileReference; explicitFileType = wrapper.application; includeInIndex = 0; path = WeatherAppAPI.app; sourceTree = BUILT_PRODUCTS_DIR; };
		C30EE3F521F6345100819FE2 /* AppDelegate.swift */ = {isa = PBXFileReference; lastKnownFileType = sourcecode.swift; path = AppDelegate.swift; sourceTree = "<group>"; };
		C30EE3F721F6345100819FE2 /* ViewController.swift */ = {isa = PBXFileReference; lastKnownFileType = sourcecode.swift; path = ViewController.swift; sourceTree = "<group>"; };
		C30EE3FA21F6345100819FE2 /* Base */ = {isa = PBXFileReference; lastKnownFileType = file.storyboard; name = Base; path = Base.lproj/Main.storyboard; sourceTree = "<group>"; };
		C30EE3FC21F6345500819FE2 /* Assets.xcassets */ = {isa = PBXFileReference; lastKnownFileType = folder.assetcatalog; path = Assets.xcassets; sourceTree = "<group>"; };
		C30EE3FF21F6345500819FE2 /* Base */ = {isa = PBXFileReference; lastKnownFileType = file.storyboard; name = Base; path = Base.lproj/LaunchScreen.storyboard; sourceTree = "<group>"; };
		C30EE40121F6345500819FE2 /* Info.plist */ = {isa = PBXFileReference; lastKnownFileType = text.plist.xml; path = Info.plist; sourceTree = "<group>"; };
		C30EE40721F64C7C00819FE2 /* CurrentWeather.swift */ = {isa = PBXFileReference; lastKnownFileType = sourcecode.swift; path = CurrentWeather.swift; sourceTree = "<group>"; };
		C30EE40921F64D5400819FE2 /* WeatherIconManager.swift */ = {isa = PBXFileReference; lastKnownFileType = sourcecode.swift; path = WeatherIconManager.swift; sourceTree = "<group>"; };
/* End PBXFileReference section */

/* Begin PBXFrameworksBuildPhase section */
		C30EE3EF21F6345100819FE2 /* Frameworks */ = {
			isa = PBXFrameworksBuildPhase;
			buildActionMask = 2147483647;
			files = (
			);
			runOnlyForDeploymentPostprocessing = 0;
		};
/* End PBXFrameworksBuildPhase section */

/* Begin PBXGroup section */
		C30EE3E921F6345100819FE2 = {
			isa = PBXGroup;
			children = (
				C30EE3F421F6345100819FE2 /* WeatherAppAPI */,
				C30EE3F321F6345100819FE2 /* Products */,
			);
			sourceTree = "<group>";
		};
		C30EE3F321F6345100819FE2 /* Products */ = {
			isa = PBXGroup;
			children = (
				C30EE3F221F6345100819FE2 /* WeatherAppAPI.app */,
			);
			name = Products;
			sourceTree = "<group>";
		};
		C30EE3F421F6345100819FE2 /* WeatherAppAPI */ = {
			isa = PBXGroup;
			children = (
				C30EE3F521F6345100819FE2 /* AppDelegate.swift */,
				C30EE3F721F6345100819FE2 /* ViewController.swift */,
				C30EE40921F64D5400819FE2 /* WeatherIconManager.swift */,
				C30EE40721F64C7C00819FE2 /* CurrentWeather.swift */,
				C30EE3F921F6345100819FE2 /* Main.storyboard */,
				C30EE3FC21F6345500819FE2 /* Assets.xcassets */,
				C30EE3FE21F6345500819FE2 /* LaunchScreen.storyboard */,
				C30EE40121F6345500819FE2 /* Info.plist */,
			);
			path = WeatherAppAPI;
			sourceTree = "<group>";
		};
/* End PBXGroup section */

/* Begin PBXNativeTarget section */
		C30EE3F121F6345100819FE2 /* WeatherAppAPI */ = {
			isa = PBXNativeTarget;
			buildConfigurationList = C30EE40421F6345500819FE2 /* Build configuration list for PBXNativeTarget "WeatherAppAPI" */;
			buildPhases = (
				C30EE3EE21F6345100819FE2 /* Sources */,
				C30EE3EF21F6345100819FE2 /* Frameworks */,
				C30EE3F021F6345100819FE2 /* Resources */,
			);
			buildRules = (
			);
			dependencies = (
			);
			name = WeatherAppAPI;
			productName = WeatherAppAPI;
			productReference = C30EE3F221F6345100819FE2 /* WeatherAppAPI.app */;
			productType = "com.apple.product-type.application";
		};
/* End PBXNativeTarget section */

/* Begin PBXProject section */
		C30EE3EA21F6345100819FE2 /* Project object */ = {
			isa = PBXProject;
			attributes = {
				LastSwiftUpdateCheck = 1010;
				LastUpgradeCheck = 1010;
				ORGANIZATIONNAME = "Администратор";
				TargetAttributes = {
					C30EE3F121F6345100819FE2 = {
						CreatedOnToolsVersion = 10.1;
					};
				};
			};
			buildConfigurationList = C30EE3ED21F6345100819FE2 /* Build configuration list for PBXProject "WeatherAppAPI" */;
			compatibilityVersion = "Xcode 9.3";
			developmentRegion = en;
			hasScannedForEncodings = 0;
			knownRegions = (
				en,
				Base,
			);
			mainGroup = C30EE3E921F6345100819FE2;
			productRefGroup = C30EE3F321F6345100819FE2 /* Products */;
			projectDirPath = "";
			projectRoot = "";
			targets = (
				C30EE3F121F6345100819FE2 /* WeatherAppAPI */,
			);
		};
/* End PBXProject section */

/* Begin PBXResourcesBuildPhase section */
		C30EE3F021F6345100819FE2 /* Resources */ = {
			isa = PBXResourcesBuildPhase;
			buildActionMask = 2147483647;
			files = (
				C30EE40021F6345500819FE2 /* LaunchScreen.storyboard in Resources */,
				C30EE3FD21F6345500819FE2 /* Assets.xcassets in Resources */,
				C30EE3FB21F6345100819FE2 /* Main.storyboard in Resources */,
			);
			runOnlyForDeploymentPostprocessing = 0;
		};
/* End PBXResourcesBuildPhase section */

/* Begin PBXSourcesBuildPhase section */
		C30EE3EE21F6345100819FE2 /* Sources */ = {
			isa = PBXSourcesBuildPhase;
			buildActionMask = 2147483647;
			files = (
				C30EE3F821F6345100819FE2 /* ViewController.swift in Sources */,
				C30EE40821F64C7C00819FE2 /* CurrentWeather.swift in Sources */,
				C30EE3F621F6345100819FE2 /* AppDelegate.swift in Sources */,
				C30EE40A21F64D5400819FE2 /* WeatherIconManager.swift in Sources */,
			);
			runOnlyForDeploymentPostprocessing = 0;
		};
/* End PBXSourcesBuildPhase section */

/* Begin PBXVariantGroup section */
		C30EE3F921F6345100819FE2 /* Main.storyboard */ = {
			isa = PBXVariantGroup;
			children = (
				C30EE3FA21F6345100819FE2 /* Base */,
			);
			name = Main.storyboard;
			sourceTree = "<group>";
		};
		C30EE3FE21F6345500819FE2 /* LaunchScreen.storyboard */ = {
			isa = PBXVariantGroup;
			children = (
				C30EE3FF21F6345500819FE2 /* Base */,
			);
			name = LaunchScreen.storyboard;
			sourceTree = "<group>";
		};
/* End PBXVariantGroup section */

/* Begin XCBuildConfiguration section */
		C30EE40221F6345500819FE2 /* Debug */ = {
			isa = XCBuildConfiguration;
			buildSettings = {
				ALWAYS_SEARCH_USER_PATHS = NO;
				CLANG_ANALYZER_NONNULL = YES;
				CLANG_ANALYZER_NUMBER_OBJECT_CONVERSION = YES_AGGRESSIVE;
				CLANG_CXX_LANGUAGE_STANDARD = "gnu++14";
				CLANG_CXX_LIBRARY = "libc++";
				CLANG_ENABLE_MODULES = YES;
				CLANG_ENABLE_OBJC_ARC = YES;
				CLANG_ENABLE_OBJC_WEAK = YES;
				CLANG_WARN_BLOCK_CAPTURE_AUTORELEASING = YES;
				CLANG_WARN_BOOL_CONVERSION = YES;
				CLANG_WARN_COMMA = YES;
				CLANG_WARN_CONSTANT_CONVERSION = YES;
				CLANG_WARN_DEPRECATED_OBJC_IMPLEMENTATIONS = YES;
				CLANG_WARN_DIRECT_OBJC_ISA_USAGE = YES_ERROR;
				CLANG_WARN_DOCUMENTATION_COMMENTS = YES;
				CLANG_WARN_EMPTY_BODY = YES;
				CLANG_WARN_ENUM_CONVERSION = YES;
				CLANG_WARN_INFINITE_RECURSION = YES;
				CLANG_WARN_INT_CONVERSION = YES;
				CLANG_WARN_NON_LITERAL_NULL_CONVERSION = YES;
				CLANG_WARN_OBJC_IMPLICIT_RETAIN_SELF = YES;
				CLANG_WARN_OBJC_LITERAL_CONVERSION = YES;
				CLANG_WARN_OBJC_ROOT_CLASS = YES_ERROR;
				CLANG_WARN_RANGE_LOOP_ANALYSIS = YES;
				CLANG_WARN_STRICT_PROTOTYPES = YES;
				CLANG_WARN_SUSPICIOUS_MOVE = YES;
				CLANG_WARN_UNGUARDED_AVAILABILITY = YES_AGGRESSIVE;
				CLANG_WARN_UNREACHABLE_CODE = YES;
				CLANG_WARN__DUPLICATE_METHOD_MATCH = YES;
				CODE_SIGN_IDENTITY = "iPhone Developer";
				COPY_PHASE_STRIP = NO;
				DEBUG_INFORMATION_FORMAT = dwarf;
				ENABLE_STRICT_OBJC_MSGSEND = YES;
				ENABLE_TESTABILITY = YES;
				GCC_C_LANGUAGE_STANDARD = gnu11;
				GCC_DYNAMIC_NO_PIC = NO;
				GCC_NO_COMMON_BLOCKS = YES;
				GCC_OPTIMIZATION_LEVEL = 0;
				GCC_PREPROCESSOR_DEFINITIONS = (
					"DEBUG=1",
					"$(inherited)",
				);
				GCC_WARN_64_TO_32_BIT_CONVERSION = YES;
				GCC_WARN_ABOUT_RETURN_TYPE = YES_ERROR;
				GCC_WARN_UNDECLARED_SELECTOR = YES;
				GCC_WARN_UNINITIALIZED_AUTOS = YES_AGGRESSIVE;
				GCC_WARN_UNUSED_FUNCTION = YES;
				GCC_WARN_UNUSED_VARIABLE = YES;
				IPHONEOS_DEPLOYMENT_TARGET = 12.1;
				MTL_ENABLE_DEBUG_INFO = INCLUDE_SOURCE;
				MTL_FAST_MATH = YES;
				ONLY_ACTIVE_ARCH = YES;
				SDKROOT = iphoneos;
				SWIFT_ACTIVE_COMPILATION_CONDITIONS = DEBUG;
				SWIFT_OPTIMIZATION_LEVEL = "-Onone";
			};
			name = Debug;
		};
		C30EE40321F6345500819FE2 /* Release */ = {
			isa = XCBuildConfiguration;
			buildSettings = {
				ALWAYS_SEARCH_USER_PATHS = NO;
				CLANG_ANALYZER_NONNULL = YES;
				CLANG_ANALYZER_NUMBER_OBJECT_CONVERSION = YES_AGGRESSIVE;
				CLANG_CXX_LANGUAGE_STANDARD = "gnu++14";
				CLANG_CXX_LIBRARY = "libc++";
				CLANG_ENABLE_MODULES = YES;
				CLANG_ENABLE_OBJC_ARC = YES;
				CLANG_ENABLE_OBJC_WEAK = YES;
				CLANG_WARN_BLOCK_CAPTURE_AUTORELEASING = YES;
				CLANG_WARN_BOOL_CONVERSION = YES;
				CLANG_WARN_COMMA = YES;
				CLANG_WARN_CONSTANT_CONVERSION = YES;
				CLANG_WARN_DEPRECATED_OBJC_IMPLEMENTATIONS = YES;
				CLANG_WARN_DIRECT_OBJC_ISA_USAGE = YES_ERROR;
				CLANG_WARN_DOCUMENTATION_COMMENTS = YES;
				CLANG_WARN_EMPTY_BODY = YES;
				CLANG_WARN_ENUM_CONVERSION = YES;
				CLANG_WARN_INFINITE_RECURSION = YES;
				CLANG_WARN_INT_CONVERSION = YES;
				CLANG_WARN_NON_LITERAL_NULL_CONVERSION = YES;
				CLANG_WARN_OBJC_IMPLICIT_RETAIN_SELF = YES;
				CLANG_WARN_OBJC_LITERAL_CONVERSION = YES;
				CLANG_WARN_OBJC_ROOT_CLASS = YES_ERROR;
				CLANG_WARN_RANGE_LOOP_ANALYSIS = YES;
				CLANG_WARN_STRICT_PROTOTYPES = YES;
				CLANG_WARN_SUSPICIOUS_MOVE = YES;
				CLANG_WARN_UNGUARDED_AVAILABILITY = YES_AGGRESSIVE;
				CLANG_WARN_UNREACHABLE_CODE = YES;
				CLANG_WARN__DUPLICATE_METHOD_MATCH = YES;
				CODE_SIGN_IDENTITY = "iPhone Developer";
				COPY_PHASE_STRIP = NO;
				DEBUG_INFORMATION_FORMAT = "dwarf-with-dsym";
				ENABLE_NS_ASSERTIONS = NO;
				ENABLE_STRICT_OBJC_MSGSEND = YES;
				GCC_C_LANGUAGE_STANDARD = gnu11;
				GCC_NO_COMMON_BLOCKS = YES;
				GCC_WARN_64_TO_32_BIT_CONVERSION = YES;
				GCC_WARN_ABOUT_RETURN_TYPE = YES_ERROR;
				GCC_WARN_UNDECLARED_SELECTOR = YES;
				GCC_WARN_UNINITIALIZED_AUTOS = YES_AGGRESSIVE;
				GCC_WARN_UNUSED_FUNCTION = YES;
				GCC_WARN_UNUSED_VARIABLE = YES;
				IPHONEOS_DEPLOYMENT_TARGET = 12.1;
				MTL_ENABLE_DEBUG_INFO = NO;
				MTL_FAST_MATH = YES;
				SDKROOT = iphoneos;
				SWIFT_COMPILATION_MODE = wholemodule;
				SWIFT_OPTIMIZATION_LEVEL = "-O";
				VALIDATE_PRODUCT = YES;
			};
			name = Release;
		};
		C30EE40521F6345500819FE2 /* Debug */ = {
			isa = XCBuildConfiguration;
			buildSettings = {
				ASSETCATALOG_COMPILER_APPICON_NAME = AppIcon;
				CODE_SIGN_STYLE = Automatic;
				DEVELOPMENT_TEAM = 7Q445B67T2;
				INFOPLIST_FILE = WeatherAppAPI/Info.plist;
				LD_RUNPATH_SEARCH_PATHS = (
					"$(inherited)",
					"@executable_path/Frameworks",
				);
				PRODUCT_BUNDLE_IDENTIFIER = Shapkininc.WeatherAppAPI;
				PRODUCT_NAME = "$(TARGET_NAME)";
				SWIFT_VERSION = 4.2;
				TARGETED_DEVICE_FAMILY = "1,2";
			};
			name = Debug;
		};
		C30EE40621F6345500819FE2 /* Release */ = {
			isa = XCBuildConfiguration;
			buildSettings = {
				ASSETCATALOG_COMPILER_APPICON_NAME = AppIcon;
				CODE_SIGN_STYLE = Automatic;
				DEVELOPMENT_TEAM = 7Q445B67T2;
				INFOPLIST_FILE = WeatherAppAPI/Info.plist;
				LD_RUNPATH_SEARCH_PATHS = (
					"$(inherited)",
					"@executable_path/Frameworks",
				);
				PRODUCT_BUNDLE_IDENTIFIER = Shapkininc.WeatherAppAPI;
				PRODUCT_NAME = "$(TARGET_NAME)";
				SWIFT_VERSION = 4.2;
				TARGETED_DEVICE_FAMILY = "1,2";
			};
			name = Release;
		};
/* End XCBuildConfiguration section */

/* Begin XCConfigurationList section */
		C30EE3ED21F6345100819FE2 /* Build configuration list for PBXProject "WeatherAppAPI" */ = {
			isa = XCConfigurationList;
			buildConfigurations = (
				C30EE40221F6345500819FE2 /* Debug */,
				C30EE40321F6345500819FE2 /* Release */,
			);
			defaultConfigurationIsVisible = 0;
			defaultConfigurationName = Release;
		};
		C30EE40421F6345500819FE2 /* Build configuration list for PBXNativeTarget "WeatherAppAPI" */ = {
			isa = XCConfigurationList;
			buildConfigurations = (
				C30EE40521F6345500819FE2 /* Debug */,
				C30EE40621F6345500819FE2 /* Release */,
			);
			defaultConfigurationIsVisible = 0;
			defaultConfigurationName = Release;
		};
/* End XCConfigurationList section */
	};
	rootObject = C30EE3EA21F6345100819FE2 /* Project object */;
}
